{
  "name": "front-end-static",
  "version": "1.0.0",
  "lockfileVersion": 1,
  "requires": true,
  "dependencies": {
    "@webcomponents/webcomponentsjs": {
      "version": "2.4.2",
      "resolved": "https://registry.npmjs.org/@webcomponents/webcomponentsjs/-/webcomponentsjs-2.4.2.tgz",
      "integrity": "sha512-3nGTTljmHHwfxBDppjbvUrKAmy78skC6nHwx3mYrbz677HXMAREh0aeJvoT4EnuomYJtLU3lS3RYvtB2MSz+NQ=="
    },
    "ken-burns-carousel": {
      "version": "0.2.5",
      "resolved": "https://registry.npmjs.org/ken-burns-carousel/-/ken-burns-carousel-0.2.5.tgz",
      "integrity": "sha512-MDdQrUVN1K6JQjliHDq5JiCzDrKKb5CFMcn+f7CLXho2GfwDwtyzmCQY4OztR84778ZUtuCvYtAnIDYgDKcVOw=="
    }
  }
}
